
Microsoft Visual Studio Solution File, Format Version 12.00
# Visual Studio 2012
Project("{FAE04EC0-301F-11D3-BF4B-00C04F79EFBC}") = "RomanNumeralConverter", "RomanNumeralConverter\RomanNumeralConverter.csproj", "{8E9AC1B3-21B3-445C-98DF-B019BA1527E4}"
EndProject
Project("{FAE04EC0-301F-11D3-BF4B-00C04F79EFBC}") = "RomanNumeralConverterTests", "RomanNumeralConverterTests\RomanNumeralConverterTests.csproj", "{06FB2C93-5C4C-4146-821D-87DF7E2B15BA}"
EndProject
Global
	GlobalSection(SolutionConfigurationPlatforms) = preSolution
		Debug|Any CPU = Debug|Any CPU
		Release|Any CPU = Release|Any CPU
	EndGlobalSection
	GlobalSection(ProjectConfigurationPlatforms) = postSolution
		{8E9AC1B3-21B3-445C-98DF-B019BA1527E4}.Debug|Any CPU.ActiveCfg = Debug|Any CPU
		{8E9AC1B3-21B3-445C-98DF-B019BA1527E4}.Debug|Any CPU.Build.0 = Debug|Any CPU
		{8E9AC1B3-21B3-445C-98DF-B019BA1527E4}.Release|Any CPU.ActiveCfg = Release|Any CPU
		{8E9AC1B3-21B3-445C-98DF-B019BA1527E4}.Release|Any CPU.Build.0 = Release|Any CPU
		{06FB2C93-5C4C-4146-821D-87DF7E2B15BA}.Debug|Any CPU.ActiveCfg = Debug|Any CPU
		{06FB2C93-5C4C-4146-821D-87DF7E2B15BA}.Debug|Any CPU.Build.0 = Debug|Any CPU
		{06FB2C93-5C4C-4146-821D-87DF7E2B15BA}.Release|Any CPU.ActiveCfg = Release|Any CPU
		{06FB2C93-5C4C-4146-821D-87DF7E2B15BA}.Release|Any CPU.Build.0 = Release|Any CPU
	EndGlobalSection
	GlobalSection(SolutionProperties) = preSolution
		HideSolutionNode = FALSE
	EndGlobalSection
EndGlobal
